
Microsoft Visual Studio Solution File, Format Version 11.00
# Visual C# Express 2010
Project("{FAE04EC0-301F-11D3-BF4B-00C04F79EFBC}") = "AutoBOMCosting", "AutoBOMCosting\AutoBOMCosting.csproj", "{779E15D1-FED8-4921-A61D-D56FB01C660F}"
EndProject
Project("{FAE04EC0-301F-11D3-BF4B-00C04F79EFBC}") = "Semalibs", "..\..\..\libs\dotNET\Semalibs\Semalibs\Semalibs.csproj", "{5D7A8141-39C7-4994-80B7-E08A18821BAD}"
EndProject
Global
	GlobalSection(SolutionConfigurationPlatforms) = preSolution
		Debug|Any CPU = Debug|Any CPU
		Debug|Mixed Platforms = Debug|Mixed Platforms
		Debug|x86 = Debug|x86
		Release|Any CPU = Release|Any CPU
		Release|Mixed Platforms = Release|Mixed Platforms
		Release|x86 = Release|x86
	EndGlobalSection
	GlobalSection(ProjectConfigurationPlatforms) = postSolution
		{779E15D1-FED8-4921-A61D-D56FB01C660F}.Debug|Any CPU.ActiveCfg = Debug|x86
		{779E15D1-FED8-4921-A61D-D56FB01C660F}.Debug|Mixed Platforms.ActiveCfg = Debug|x86
		{779E15D1-FED8-4921-A61D-D56FB01C660F}.Debug|Mixed Platforms.Build.0 = Debug|x86
		{779E15D1-FED8-4921-A61D-D56FB01C660F}.Debug|x86.ActiveCfg = Debug|x86
		{779E15D1-FED8-4921-A61D-D56FB01C660F}.Debug|x86.Build.0 = Debug|x86
		{779E15D1-FED8-4921-A61D-D56FB01C660F}.Release|Any CPU.ActiveCfg = Release|x86
		{779E15D1-FED8-4921-A61D-D56FB01C660F}.Release|Mixed Platforms.ActiveCfg = Release|x86
		{779E15D1-FED8-4921-A61D-D56FB01C660F}.Release|Mixed Platforms.Build.0 = Release|x86
		{779E15D1-FED8-4921-A61D-D56FB01C660F}.Release|x86.ActiveCfg = Release|x86
		{779E15D1-FED8-4921-A61D-D56FB01C660F}.Release|x86.Build.0 = Release|x86
		{5D7A8141-39C7-4994-80B7-E08A18821BAD}.Debug|Any CPU.ActiveCfg = Debug|Any CPU
		{5D7A8141-39C7-4994-80B7-E08A18821BAD}.Debug|Any CPU.Build.0 = Debug|Any CPU
		{5D7A8141-39C7-4994-80B7-E08A18821BAD}.Debug|Mixed Platforms.ActiveCfg = Debug|Any CPU
		{5D7A8141-39C7-4994-80B7-E08A18821BAD}.Debug|Mixed Platforms.Build.0 = Debug|Any CPU
		{5D7A8141-39C7-4994-80B7-E08A18821BAD}.Debug|x86.ActiveCfg = Debug|Any CPU
		{5D7A8141-39C7-4994-80B7-E08A18821BAD}.Release|Any CPU.ActiveCfg = Release|Any CPU
		{5D7A8141-39C7-4994-80B7-E08A18821BAD}.Release|Any CPU.Build.0 = Release|Any CPU
		{5D7A8141-39C7-4994-80B7-E08A18821BAD}.Release|Mixed Platforms.ActiveCfg = Release|Any CPU
		{5D7A8141-39C7-4994-80B7-E08A18821BAD}.Release|Mixed Platforms.Build.0 = Release|Any CPU
		{5D7A8141-39C7-4994-80B7-E08A18821BAD}.Release|x86.ActiveCfg = Release|Any CPU
	EndGlobalSection
	GlobalSection(SolutionProperties) = preSolution
		HideSolutionNode = FALSE
	EndGlobalSection
EndGlobal
